// !$*UTF8*$!
{
	archiveVersion = 1;
	classes = {
	};
	objectVersion = 48;
	objects = {

/* Begin PBXBuildFile section */
		0BDF4E954C053AB3CED289E7 /* Pods_Jinsoku.framework in Frameworks */ = {isa = PBXBuildFile; fileRef = 4A0C9CD7277BF9DBACD5219C /* Pods_Jinsoku.framework */; };
		0E0B79792059772800FE5464 /* Result.swift in Sources */ = {isa = PBXBuildFile; fileRef = 0E0B79782059772700FE5464 /* Result.swift */; };
		0E0B797B2059810700FE5464 /* BaseEncodable.swift in Sources */ = {isa = PBXBuildFile; fileRef = 0E0B797A2059810700FE5464 /* BaseEncodable.swift */; };
		0E2D888F2010F39300C1432B /* AppDelegate.swift in Sources */ = {isa = PBXBuildFile; fileRef = 0E2D888E2010F39300C1432B /* AppDelegate.swift */; };
		0E2D88962010F39300C1432B /* Assets.xcassets in Resources */ = {isa = PBXBuildFile; fileRef = 0E2D88952010F39300C1432B /* Assets.xcassets */; };
		0E2D88992010F39300C1432B /* LaunchScreen.storyboard in Resources */ = {isa = PBXBuildFile; fileRef = 0E2D88972010F39300C1432B /* LaunchScreen.storyboard */; };
		0E2D88A42010F39300C1432B /* JinsokuTests.swift in Sources */ = {isa = PBXBuildFile; fileRef = 0E2D88A32010F39300C1432B /* JinsokuTests.swift */; };
		0E2D88AF2010F39300C1432B /* JinsokuUITests.swift in Sources */ = {isa = PBXBuildFile; fileRef = 0E2D88AE2010F39300C1432B /* JinsokuUITests.swift */; };
		0E3F030B205973E400D132AA /* NavigationManagerProtocol.swift in Sources */ = {isa = PBXBuildFile; fileRef = 0E3F030A205973E400D132AA /* NavigationManagerProtocol.swift */; };
		0E88BCCA2028641000C31B8F /* URLQueryParamsHelper.swift in Sources */ = {isa = PBXBuildFile; fileRef = 0E88BCC92028641000C31B8F /* URLQueryParamsHelper.swift */; };
		0E88BCCC20286FE700C31B8F /* RandomGenerator.swift in Sources */ = {isa = PBXBuildFile; fileRef = 0E88BCCB20286FE700C31B8F /* RandomGenerator.swift */; };
		0E88BCCF202879D800C31B8F /* URL+QueryParams.swift in Sources */ = {isa = PBXBuildFile; fileRef = 0E88BCCE202879D800C31B8F /* URL+QueryParams.swift */; };
		0E8D46FA2028A14100BE8976 /* AccessTokenIntern.swift in Sources */ = {isa = PBXBuildFile; fileRef = 0E8D46F92028A14100BE8976 /* AccessTokenIntern.swift */; };
		0E8D46FC2028A3ED00BE8976 /* String+Base64.swift in Sources */ = {isa = PBXBuildFile; fileRef = 0E8D46FB2028A3ED00BE8976 /* String+Base64.swift */; };
		0E8D46FE2028AFFC00BE8976 /* LoginInteractorErrors.swift in Sources */ = {isa = PBXBuildFile; fileRef = 0E8D46FD2028AFFC00BE8976 /* LoginInteractorErrors.swift */; };
		0E8D47002028B6F700BE8976 /* Constants.swift in Sources */ = {isa = PBXBuildFile; fileRef = 0E8D46FF2028B6F700BE8976 /* Constants.swift */; };
		0E8D47022028BB4800BE8976 /* NetConstants.swift in Sources */ = {isa = PBXBuildFile; fileRef = 0E8D47012028BB4800BE8976 /* NetConstants.swift */; };
		0EA97EB0203AF69300D590CF /* KeychainManager.swift in Sources */ = {isa = PBXBuildFile; fileRef = 0EA97EAF203AF69300D590CF /* KeychainManager.swift */; };
		0EB01A3020206B5D00F79C64 /* VimeoNet.swift in Sources */ = {isa = PBXBuildFile; fileRef = 0EB01A2F20206B5D00F79C64 /* VimeoNet.swift */; };
		0EB01A3220206BEB00F79C64 /* AccessEngine.swift in Sources */ = {isa = PBXBuildFile; fileRef = 0EB01A3120206BEB00F79C64 /* AccessEngine.swift */; };
		0EB01A352020726300F79C64 /* Api.swift in Sources */ = {isa = PBXBuildFile; fileRef = 0EB01A332020726300F79C64 /* Api.swift */; };
		0EB01A362020726300F79C64 /* Endpoint.swift in Sources */ = {isa = PBXBuildFile; fileRef = 0EB01A342020726300F79C64 /* Endpoint.swift */; };
		0EB01A3B20207C5200F79C64 /* AccessErrors.swift in Sources */ = {isa = PBXBuildFile; fileRef = 0EB01A3A20207C5200F79C64 /* AccessErrors.swift */; };
		0EB01A3D20207C9200F79C64 /* Authentication.swift in Sources */ = {isa = PBXBuildFile; fileRef = 0EB01A3C20207C9200F79C64 /* Authentication.swift */; };
		0EB01A4020207CBE00F79C64 /* AuthenticationNet.swift in Sources */ = {isa = PBXBuildFile; fileRef = 0EB01A3F20207CBE00F79C64 /* AuthenticationNet.swift */; };
		0EB01A76202308CE00F79C64 /* Authentication+Net.swift in Sources */ = {isa = PBXBuildFile; fileRef = 0EB01A75202308CE00F79C64 /* Authentication+Net.swift */; };
		0EB01A78202311AC00F79C64 /* AccessEngineProtocol.swift in Sources */ = {isa = PBXBuildFile; fileRef = 0EB01A77202311AC00F79C64 /* AccessEngineProtocol.swift */; };
		0EBA8422201211AD00B3F591 /* AppProvider.swift in Sources */ = {isa = PBXBuildFile; fileRef = 0EBA8421201211AD00B3F591 /* AppProvider.swift */; };
		0EBA84252012195B00B3F591 /* AppEventsHandlerProtocol.swift in Sources */ = {isa = PBXBuildFile; fileRef = 0EBA84242012195B00B3F591 /* AppEventsHandlerProtocol.swift */; };
		0EBA84272012196A00B3F591 /* AppEventsHandler.swift in Sources */ = {isa = PBXBuildFile; fileRef = 0EBA84262012196A00B3F591 /* AppEventsHandler.swift */; };
		0EC27A05202B4C1100C19AC1 /* VimeoAuthentication.plist in Resources */ = {isa = PBXBuildFile; fileRef = 0EC27A04202B4C1000C19AC1 /* VimeoAuthentication.plist */; };
		0EC27A0B202B558600C19AC1 /* TryCatchOperator.swift in Sources */ = {isa = PBXBuildFile; fileRef = 0EC27A0A202B558600C19AC1 /* TryCatchOperator.swift */; };
		162F62F62039CFF100E71515 /* AuthCoordinator.swift in Sources */ = {isa = PBXBuildFile; fileRef = 162F62F42039CFF100E71515 /* AuthCoordinator.swift */; };
		162F62F72039CFF100E71515 /* AuthCoordinatorProtocol.swift in Sources */ = {isa = PBXBuildFile; fileRef = 162F62F52039CFF100E71515 /* AuthCoordinatorProtocol.swift */; };
		162F62FA2039D07800E71515 /* HomeCoordinatorProtocol.swift in Sources */ = {isa = PBXBuildFile; fileRef = 162F62F82039D07800E71515 /* HomeCoordinatorProtocol.swift */; };
		162F62FB2039D07800E71515 /* HomeCoordinator.swift in Sources */ = {isa = PBXBuildFile; fileRef = 162F62F92039D07800E71515 /* HomeCoordinator.swift */; };
		1651C4AF201CE63400935CCC /* SplashCoordinatorProtocol.swift in Sources */ = {isa = PBXBuildFile; fileRef = 1651C4AD201CE63400935CCC /* SplashCoordinatorProtocol.swift */; };
		1651C4B0201CE63400935CCC /* SplashCoordinator.swift in Sources */ = {isa = PBXBuildFile; fileRef = 1651C4AE201CE63400935CCC /* SplashCoordinator.swift */; };
		1651C4B3201CE69100935CCC /* Route.swift in Sources */ = {isa = PBXBuildFile; fileRef = 1651C4B2201CE69100935CCC /* Route.swift */; };
		1651C4BE201CE7B600935CCC /* SplashPresenterProtocol.swift in Sources */ = {isa = PBXBuildFile; fileRef = 1651C4B6201CE7B600935CCC /* SplashPresenterProtocol.swift */; };
		1651C4BF201CE7B600935CCC /* SplashViewControllerProtocol.swift in Sources */ = {isa = PBXBuildFile; fileRef = 1651C4B7201CE7B600935CCC /* SplashViewControllerProtocol.swift */; };
		1651C4C0201CE7B600935CCC /* SplashInteractorProtocol.swift in Sources */ = {isa = PBXBuildFile; fileRef = 1651C4B8201CE7B600935CCC /* SplashInteractorProtocol.swift */; };
		1651C4C1201CE7B600935CCC /* SplashInjection.swift in Sources */ = {isa = PBXBuildFile; fileRef = 1651C4B9201CE7B600935CCC /* SplashInjection.swift */; };
		1651C4C2201CE7B600935CCC /* SplashViewController.swift in Sources */ = {isa = PBXBuildFile; fileRef = 1651C4BA201CE7B600935CCC /* SplashViewController.swift */; };
		1651C4C3201CE7B600935CCC /* SplashPresenter.swift in Sources */ = {isa = PBXBuildFile; fileRef = 1651C4BB201CE7B600935CCC /* SplashPresenter.swift */; };
		1651C4C4201CE7B600935CCC /* SplashInteractor.swift in Sources */ = {isa = PBXBuildFile; fileRef = 1651C4BC201CE7B600935CCC /* SplashInteractor.swift */; };
		1651C4C5201CE7B600935CCC /* Splash.storyboard in Resources */ = {isa = PBXBuildFile; fileRef = 1651C4BD201CE7B600935CCC /* Splash.storyboard */; };
		1651C4C7201CE82900935CCC /* AppStoryboards.swift in Sources */ = {isa = PBXBuildFile; fileRef = 1651C4C6201CE82900935CCC /* AppStoryboards.swift */; };
		1651C4D7201CF07B00935CCC /* LoginInjection.swift in Sources */ = {isa = PBXBuildFile; fileRef = 1651C4CE201CF07B00935CCC /* LoginInjection.swift */; };
		1651C4D8201CF07B00935CCC /* LoginInteractor.swift in Sources */ = {isa = PBXBuildFile; fileRef = 1651C4CF201CF07B00935CCC /* LoginInteractor.swift */; };
		1651C4D9201CF07B00935CCC /* LoginPresenterProtocol.swift in Sources */ = {isa = PBXBuildFile; fileRef = 1651C4D1201CF07B00935CCC /* LoginPresenterProtocol.swift */; };
		1651C4DA201CF07B00935CCC /* LoginViewControllerProtocol.swift in Sources */ = {isa = PBXBuildFile; fileRef = 1651C4D2201CF07B00935CCC /* LoginViewControllerProtocol.swift */; };
		1651C4DB201CF07B00935CCC /* LoginInteractorProtocol.swift in Sources */ = {isa = PBXBuildFile; fileRef = 1651C4D3201CF07B00935CCC /* LoginInteractorProtocol.swift */; };
		1651C4DC201CF07B00935CCC /* Login.storyboard in Resources */ = {isa = PBXBuildFile; fileRef = 1651C4D4201CF07B00935CCC /* Login.storyboard */; };
		1651C4DD201CF07B00935CCC /* LoginViewController.swift in Sources */ = {isa = PBXBuildFile; fileRef = 1651C4D5201CF07B00935CCC /* LoginViewController.swift */; };
		1651C4DE201CF07B00935CCC /* LoginPresenter.swift in Sources */ = {isa = PBXBuildFile; fileRef = 1651C4D6201CF07B00935CCC /* LoginPresenter.swift */; };
		1658C116201A8A2E00E2AE5A /* RootCoordinator.swift in Sources */ = {isa = PBXBuildFile; fileRef = 1658C114201A8A2E00E2AE5A /* RootCoordinator.swift */; };
		1658C117201A8A2E00E2AE5A /* BaseCoordinator.swift in Sources */ = {isa = PBXBuildFile; fileRef = 1658C115201A8A2E00E2AE5A /* BaseCoordinator.swift */; };
		1658C119201A8B2B00E2AE5A /* NavigationManager.swift in Sources */ = {isa = PBXBuildFile; fileRef = 1658C118201A8B2B00E2AE5A /* NavigationManager.swift */; };
		1658C11B201A8BFD00E2AE5A /* Assembler+Setup.swift in Sources */ = {isa = PBXBuildFile; fileRef = 1658C11A201A8BFD00E2AE5A /* Assembler+Setup.swift */; };
		16D2592B20B49ECB009BE417 /* MyVideo.storyboard in Resources */ = {isa = PBXBuildFile; fileRef = 16D2592220B49ECB009BE417 /* MyVideo.storyboard */; };
		16D2592C20B49ECB009BE417 /* MyVideoViewControllerProtocol.swift in Sources */ = {isa = PBXBuildFile; fileRef = 16D2592420B49ECB009BE417 /* MyVideoViewControllerProtocol.swift */; };
		16D2592D20B49ECB009BE417 /* MyVideoInteractorProtocol.swift in Sources */ = {isa = PBXBuildFile; fileRef = 16D2592520B49ECB009BE417 /* MyVideoInteractorProtocol.swift */; };
		16D2592E20B49ECB009BE417 /* MyVideoPresenterProtocol.swift in Sources */ = {isa = PBXBuildFile; fileRef = 16D2592620B49ECB009BE417 /* MyVideoPresenterProtocol.swift */; };
		16D2592F20B49ECB009BE417 /* MyVideoInjection.swift in Sources */ = {isa = PBXBuildFile; fileRef = 16D2592720B49ECB009BE417 /* MyVideoInjection.swift */; };
		16D2593020B49ECB009BE417 /* MyVideoPresenter.swift in Sources */ = {isa = PBXBuildFile; fileRef = 16D2592820B49ECB009BE417 /* MyVideoPresenter.swift */; };
		16D2593120B49ECB009BE417 /* MyVideoViewController.swift in Sources */ = {isa = PBXBuildFile; fileRef = 16D2592920B49ECB009BE417 /* MyVideoViewController.swift */; };
		16D2593220B49ECB009BE417 /* MyVideoInteractor.swift in Sources */ = {isa = PBXBuildFile; fileRef = 16D2592A20B49ECB009BE417 /* MyVideoInteractor.swift */; };
		16D2595320B4A2F9009BE417 /* SearchViewController.swift in Sources */ = {isa = PBXBuildFile; fileRef = 16D2594A20B4A2F9009BE417 /* SearchViewController.swift */; };
		16D2595420B4A2F9009BE417 /* Search.storyboard in Resources */ = {isa = PBXBuildFile; fileRef = 16D2594B20B4A2F9009BE417 /* Search.storyboard */; };
		16D2595520B4A2F9009BE417 /* SearchInteractorProtocol.swift in Sources */ = {isa = PBXBuildFile; fileRef = 16D2594D20B4A2F9009BE417 /* SearchInteractorProtocol.swift */; };
		16D2595620B4A2F9009BE417 /* SearchViewControllerProtocol.swift in Sources */ = {isa = PBXBuildFile; fileRef = 16D2594E20B4A2F9009BE417 /* SearchViewControllerProtocol.swift */; };
		16D2595720B4A2F9009BE417 /* SearchPresenterProtocol.swift in Sources */ = {isa = PBXBuildFile; fileRef = 16D2594F20B4A2F9009BE417 /* SearchPresenterProtocol.swift */; };
		16D2595820B4A2F9009BE417 /* SearchInjection.swift in Sources */ = {isa = PBXBuildFile; fileRef = 16D2595020B4A2F9009BE417 /* SearchInjection.swift */; };
		16D2595920B4A2F9009BE417 /* SearchInteractor.swift in Sources */ = {isa = PBXBuildFile; fileRef = 16D2595120B4A2F9009BE417 /* SearchInteractor.swift */; };
		16D2595A20B4A2F9009BE417 /* SearchPresenter.swift in Sources */ = {isa = PBXBuildFile; fileRef = 16D2595220B4A2F9009BE417 /* SearchPresenter.swift */; };
		16D8E67020AA11EB00A0A217 /* TabbarView.swift in Sources */ = {isa = PBXBuildFile; fileRef = 16D8E66F20AA11EB00A0A217 /* TabbarView.swift */; };
		16D8E67220AA124C00A0A217 /* TabbarController.swift in Sources */ = {isa = PBXBuildFile; fileRef = 16D8E67120AA124C00A0A217 /* TabbarController.swift */; };
/* End PBXBuildFile section */

/* Begin PBXContainerItemProxy section */
		0E2D88A02010F39300C1432B /* PBXContainerItemProxy */ = {
			isa = PBXContainerItemProxy;
			containerPortal = 0E2D88832010F39300C1432B /* Project object */;
			proxyType = 1;
			remoteGlobalIDString = 0E2D888A2010F39300C1432B;
			remoteInfo = Jinsoku;
		};
		0E2D88AB2010F39300C1432B /* PBXContainerItemProxy */ = {
			isa = PBXContainerItemProxy;
			containerPortal = 0E2D88832010F39300C1432B /* Project object */;
			proxyType = 1;
			remoteGlobalIDString = 0E2D888A2010F39300C1432B;
			remoteInfo = Jinsoku;
		};
/* End PBXContainerItemProxy section */

/* Begin PBXFileReference section */
		0E0B79782059772700FE5464 /* Result.swift */ = {isa = PBXFileReference; fileEncoding = 4; lastKnownFileType = sourcecode.swift; path = Result.swift; sourceTree = "<group>"; };
		0E0B797A2059810700FE5464 /* BaseEncodable.swift */ = {isa = PBXFileReference; lastKnownFileType = sourcecode.swift; path = BaseEncodable.swift; sourceTree = "<group>"; };
		0E2D888B2010F39300C1432B /* Jinsoku.app */ = {isa = PBXFileReference; explicitFileType = wrapper.application; includeInIndex = 0; path = Jinsoku.app; sourceTree = BUILT_PRODUCTS_DIR; };
		0E2D888E2010F39300C1432B /* AppDelegate.swift */ = {isa = PBXFileReference; lastKnownFileType = sourcecode.swift; path = AppDelegate.swift; sourceTree = "<group>"; };
		0E2D88952010F39300C1432B /* Assets.xcassets */ = {isa = PBXFileReference; lastKnownFileType = folder.assetcatalog; path = Assets.xcassets; sourceTree = "<group>"; };
		0E2D88982010F39300C1432B /* Base */ = {isa = PBXFileReference; lastKnownFileType = file.storyboard; name = Base; path = Base.lproj/LaunchScreen.storyboard; sourceTree = "<group>"; };
		0E2D889A2010F39300C1432B /* Info.plist */ = {isa = PBXFileReference; lastKnownFileType = text.plist.xml; path = Info.plist; sourceTree = "<group>"; };
		0E2D889F2010F39300C1432B /* JinsokuTests.xctest */ = {isa = PBXFileReference; explicitFileType = wrapper.cfbundle; includeInIndex = 0; path = JinsokuTests.xctest; sourceTree = BUILT_PRODUCTS_DIR; };
		0E2D88A32010F39300C1432B /* JinsokuTests.swift */ = {isa = PBXFileReference; lastKnownFileType = sourcecode.swift; path = JinsokuTests.swift; sourceTree = "<group>"; };
		0E2D88A52010F39300C1432B /* Info.plist */ = {isa = PBXFileReference; lastKnownFileType = text.plist.xml; path = Info.plist; sourceTree = "<group>"; };
		0E2D88AA2010F39300C1432B /* JinsokuUITests.xctest */ = {isa = PBXFileReference; explicitFileType = wrapper.cfbundle; includeInIndex = 0; path = JinsokuUITests.xctest; sourceTree = BUILT_PRODUCTS_DIR; };
		0E2D88AE2010F39300C1432B /* JinsokuUITests.swift */ = {isa = PBXFileReference; lastKnownFileType = sourcecode.swift; path = JinsokuUITests.swift; sourceTree = "<group>"; };
		0E2D88B02010F39300C1432B /* Info.plist */ = {isa = PBXFileReference; lastKnownFileType = text.plist.xml; path = Info.plist; sourceTree = "<group>"; };
		0E3F030A205973E400D132AA /* NavigationManagerProtocol.swift */ = {isa = PBXFileReference; lastKnownFileType = sourcecode.swift; path = NavigationManagerProtocol.swift; sourceTree = "<group>"; };
		0E88BCC92028641000C31B8F /* URLQueryParamsHelper.swift */ = {isa = PBXFileReference; lastKnownFileType = sourcecode.swift; path = URLQueryParamsHelper.swift; sourceTree = "<group>"; };
		0E88BCCB20286FE700C31B8F /* RandomGenerator.swift */ = {isa = PBXFileReference; fileEncoding = 4; lastKnownFileType = sourcecode.swift; path = RandomGenerator.swift; sourceTree = "<group>"; };
		0E88BCCE202879D800C31B8F /* URL+QueryParams.swift */ = {isa = PBXFileReference; lastKnownFileType = sourcecode.swift; path = "URL+QueryParams.swift"; sourceTree = "<group>"; };
		0E8D46F92028A14100BE8976 /* AccessTokenIntern.swift */ = {isa = PBXFileReference; lastKnownFileType = sourcecode.swift; path = AccessTokenIntern.swift; sourceTree = "<group>"; };
		0E8D46FB2028A3ED00BE8976 /* String+Base64.swift */ = {isa = PBXFileReference; lastKnownFileType = sourcecode.swift; path = "String+Base64.swift"; sourceTree = "<group>"; };
		0E8D46FD2028AFFC00BE8976 /* LoginInteractorErrors.swift */ = {isa = PBXFileReference; lastKnownFileType = sourcecode.swift; path = LoginInteractorErrors.swift; sourceTree = "<group>"; };
		0E8D46FF2028B6F700BE8976 /* Constants.swift */ = {isa = PBXFileReference; lastKnownFileType = sourcecode.swift; path = Constants.swift; sourceTree = "<group>"; };
		0E8D47012028BB4800BE8976 /* NetConstants.swift */ = {isa = PBXFileReference; lastKnownFileType = sourcecode.swift; path = NetConstants.swift; sourceTree = "<group>"; };
		0EA97EAF203AF69300D590CF /* KeychainManager.swift */ = {isa = PBXFileReference; lastKnownFileType = sourcecode.swift; path = KeychainManager.swift; sourceTree = "<group>"; };
		0EB01A2F20206B5D00F79C64 /* VimeoNet.swift */ = {isa = PBXFileReference; lastKnownFileType = sourcecode.swift; path = VimeoNet.swift; sourceTree = "<group>"; };
		0EB01A3120206BEB00F79C64 /* AccessEngine.swift */ = {isa = PBXFileReference; lastKnownFileType = sourcecode.swift; path = AccessEngine.swift; sourceTree = "<group>"; };
		0EB01A332020726300F79C64 /* Api.swift */ = {isa = PBXFileReference; fileEncoding = 4; lastKnownFileType = sourcecode.swift; path = Api.swift; sourceTree = "<group>"; };
		0EB01A342020726300F79C64 /* Endpoint.swift */ = {isa = PBXFileReference; fileEncoding = 4; lastKnownFileType = sourcecode.swift; path = Endpoint.swift; sourceTree = "<group>"; };
		0EB01A3A20207C5200F79C64 /* AccessErrors.swift */ = {isa = PBXFileReference; lastKnownFileType = sourcecode.swift; path = AccessErrors.swift; sourceTree = "<group>"; };
		0EB01A3C20207C9200F79C64 /* Authentication.swift */ = {isa = PBXFileReference; lastKnownFileType = sourcecode.swift; path = Authentication.swift; sourceTree = "<group>"; };
		0EB01A3F20207CBE00F79C64 /* AuthenticationNet.swift */ = {isa = PBXFileReference; lastKnownFileType = sourcecode.swift; path = AuthenticationNet.swift; sourceTree = "<group>"; };
		0EB01A75202308CE00F79C64 /* Authentication+Net.swift */ = {isa = PBXFileReference; lastKnownFileType = sourcecode.swift; path = "Authentication+Net.swift"; sourceTree = "<group>"; };
		0EB01A77202311AC00F79C64 /* AccessEngineProtocol.swift */ = {isa = PBXFileReference; lastKnownFileType = sourcecode.swift; path = AccessEngineProtocol.swift; sourceTree = "<group>"; };
		0EBA8421201211AD00B3F591 /* AppProvider.swift */ = {isa = PBXFileReference; lastKnownFileType = sourcecode.swift; path = AppProvider.swift; sourceTree = "<group>"; };
		0EBA84242012195B00B3F591 /* AppEventsHandlerProtocol.swift */ = {isa = PBXFileReference; lastKnownFileType = sourcecode.swift; path = AppEventsHandlerProtocol.swift; sourceTree = "<group>"; };
		0EBA84262012196A00B3F591 /* AppEventsHandler.swift */ = {isa = PBXFileReference; lastKnownFileType = sourcecode.swift; path = AppEventsHandler.swift; sourceTree = "<group>"; };
		0EC27A04202B4C1000C19AC1 /* VimeoAuthentication.plist */ = {isa = PBXFileReference; fileEncoding = 4; lastKnownFileType = text.plist.xml; path = VimeoAuthentication.plist; sourceTree = "<group>"; };
		0EC27A0A202B558600C19AC1 /* TryCatchOperator.swift */ = {isa = PBXFileReference; fileEncoding = 4; lastKnownFileType = sourcecode.swift; path = TryCatchOperator.swift; sourceTree = "<group>"; };
		162F62F42039CFF100E71515 /* AuthCoordinator.swift */ = {isa = PBXFileReference; fileEncoding = 4; lastKnownFileType = sourcecode.swift; path = AuthCoordinator.swift; sourceTree = "<group>"; };
		162F62F52039CFF100E71515 /* AuthCoordinatorProtocol.swift */ = {isa = PBXFileReference; fileEncoding = 4; lastKnownFileType = sourcecode.swift; path = AuthCoordinatorProtocol.swift; sourceTree = "<group>"; };
		162F62F82039D07800E71515 /* HomeCoordinatorProtocol.swift */ = {isa = PBXFileReference; fileEncoding = 4; lastKnownFileType = sourcecode.swift; path = HomeCoordinatorProtocol.swift; sourceTree = "<group>"; };
		162F62F92039D07800E71515 /* HomeCoordinator.swift */ = {isa = PBXFileReference; fileEncoding = 4; lastKnownFileType = sourcecode.swift; path = HomeCoordinator.swift; sourceTree = "<group>"; };
		1651C4AD201CE63400935CCC /* SplashCoordinatorProtocol.swift */ = {isa = PBXFileReference; fileEncoding = 4; lastKnownFileType = sourcecode.swift; path = SplashCoordinatorProtocol.swift; sourceTree = "<group>"; };
		1651C4AE201CE63400935CCC /* SplashCoordinator.swift */ = {isa = PBXFileReference; fileEncoding = 4; lastKnownFileType = sourcecode.swift; path = SplashCoordinator.swift; sourceTree = "<group>"; };
		1651C4B2201CE69100935CCC /* Route.swift */ = {isa = PBXFileReference; fileEncoding = 4; lastKnownFileType = sourcecode.swift; path = Route.swift; sourceTree = "<group>"; };
		1651C4B6201CE7B600935CCC /* SplashPresenterProtocol.swift */ = {isa = PBXFileReference; fileEncoding = 4; lastKnownFileType = sourcecode.swift; path = SplashPresenterProtocol.swift; sourceTree = "<group>"; };
		1651C4B7201CE7B600935CCC /* SplashViewControllerProtocol.swift */ = {isa = PBXFileReference; fileEncoding = 4; lastKnownFileType = sourcecode.swift; path = SplashViewControllerProtocol.swift; sourceTree = "<group>"; };
		1651C4B8201CE7B600935CCC /* SplashInteractorProtocol.swift */ = {isa = PBXFileReference; fileEncoding = 4; lastKnownFileType = sourcecode.swift; path = SplashInteractorProtocol.swift; sourceTree = "<group>"; };
		1651C4B9201CE7B600935CCC /* SplashInjection.swift */ = {isa = PBXFileReference; fileEncoding = 4; lastKnownFileType = sourcecode.swift; path = SplashInjection.swift; sourceTree = "<group>"; };
		1651C4BA201CE7B600935CCC /* SplashViewController.swift */ = {isa = PBXFileReference; fileEncoding = 4; lastKnownFileType = sourcecode.swift; path = SplashViewController.swift; sourceTree = "<group>"; };
		1651C4BB201CE7B600935CCC /* SplashPresenter.swift */ = {isa = PBXFileReference; fileEncoding = 4; lastKnownFileType = sourcecode.swift; path = SplashPresenter.swift; sourceTree = "<group>"; };
		1651C4BC201CE7B600935CCC /* SplashInteractor.swift */ = {isa = PBXFileReference; fileEncoding = 4; lastKnownFileType = sourcecode.swift; path = SplashInteractor.swift; sourceTree = "<group>"; };
		1651C4BD201CE7B600935CCC /* Splash.storyboard */ = {isa = PBXFileReference; fileEncoding = 4; lastKnownFileType = file.storyboard; path = Splash.storyboard; sourceTree = "<group>"; };
		1651C4C6201CE82900935CCC /* AppStoryboards.swift */ = {isa = PBXFileReference; fileEncoding = 4; lastKnownFileType = sourcecode.swift; name = AppStoryboards.swift; path = Jinsoku/Source/Coordinators/AppStoryboards.swift; sourceTree = SOURCE_ROOT; };
		1651C4CE201CF07B00935CCC /* LoginInjection.swift */ = {isa = PBXFileReference; fileEncoding = 4; lastKnownFileType = sourcecode.swift; path = LoginInjection.swift; sourceTree = "<group>"; };
		1651C4CF201CF07B00935CCC /* LoginInteractor.swift */ = {isa = PBXFileReference; fileEncoding = 4; lastKnownFileType = sourcecode.swift; path = LoginInteractor.swift; sourceTree = "<group>"; };
		1651C4D1201CF07B00935CCC /* LoginPresenterProtocol.swift */ = {isa = PBXFileReference; fileEncoding = 4; lastKnownFileType = sourcecode.swift; path = LoginPresenterProtocol.swift; sourceTree = "<group>"; };
		1651C4D2201CF07B00935CCC /* LoginViewControllerProtocol.swift */ = {isa = PBXFileReference; fileEncoding = 4; lastKnownFileType = sourcecode.swift; path = LoginViewControllerProtocol.swift; sourceTree = "<group>"; };
		1651C4D3201CF07B00935CCC /* LoginInteractorProtocol.swift */ = {isa = PBXFileReference; fileEncoding = 4; lastKnownFileType = sourcecode.swift; path = LoginInteractorProtocol.swift; sourceTree = "<group>"; };
		1651C4D4201CF07B00935CCC /* Login.storyboard */ = {isa = PBXFileReference; fileEncoding = 4; lastKnownFileType = file.storyboard; path = Login.storyboard; sourceTree = "<group>"; };
		1651C4D5201CF07B00935CCC /* LoginViewController.swift */ = {isa = PBXFileReference; fileEncoding = 4; lastKnownFileType = sourcecode.swift; path = LoginViewController.swift; sourceTree = "<group>"; };
		1651C4D6201CF07B00935CCC /* LoginPresenter.swift */ = {isa = PBXFileReference; fileEncoding = 4; lastKnownFileType = sourcecode.swift; path = LoginPresenter.swift; sourceTree = "<group>"; };
		1658C114201A8A2E00E2AE5A /* RootCoordinator.swift */ = {isa = PBXFileReference; fileEncoding = 4; lastKnownFileType = sourcecode.swift; path = RootCoordinator.swift; sourceTree = "<group>"; };
		1658C115201A8A2E00E2AE5A /* BaseCoordinator.swift */ = {isa = PBXFileReference; fileEncoding = 4; lastKnownFileType = sourcecode.swift; path = BaseCoordinator.swift; sourceTree = "<group>"; };
		1658C118201A8B2B00E2AE5A /* NavigationManager.swift */ = {isa = PBXFileReference; fileEncoding = 4; lastKnownFileType = sourcecode.swift; path = NavigationManager.swift; sourceTree = "<group>"; };
		1658C11A201A8BFD00E2AE5A /* Assembler+Setup.swift */ = {isa = PBXFileReference; fileEncoding = 4; lastKnownFileType = sourcecode.swift; path = "Assembler+Setup.swift"; sourceTree = "<group>"; };
		16D2592220B49ECB009BE417 /* MyVideo.storyboard */ = {isa = PBXFileReference; fileEncoding = 4; lastKnownFileType = file.storyboard; path = MyVideo.storyboard; sourceTree = "<group>"; };
		16D2592420B49ECB009BE417 /* MyVideoViewControllerProtocol.swift */ = {isa = PBXFileReference; fileEncoding = 4; lastKnownFileType = sourcecode.swift; path = MyVideoViewControllerProtocol.swift; sourceTree = "<group>"; };
		16D2592520B49ECB009BE417 /* MyVideoInteractorProtocol.swift */ = {isa = PBXFileReference; fileEncoding = 4; lastKnownFileType = sourcecode.swift; path = MyVideoInteractorProtocol.swift; sourceTree = "<group>"; };
		16D2592620B49ECB009BE417 /* MyVideoPresenterProtocol.swift */ = {isa = PBXFileReference; fileEncoding = 4; lastKnownFileType = sourcecode.swift; path = MyVideoPresenterProtocol.swift; sourceTree = "<group>"; };
		16D2592720B49ECB009BE417 /* MyVideoInjection.swift */ = {isa = PBXFileReference; fileEncoding = 4; lastKnownFileType = sourcecode.swift; path = MyVideoInjection.swift; sourceTree = "<group>"; };
		16D2592820B49ECB009BE417 /* MyVideoPresenter.swift */ = {isa = PBXFileReference; fileEncoding = 4; lastKnownFileType = sourcecode.swift; path = MyVideoPresenter.swift; sourceTree = "<group>"; };
		16D2592920B49ECB009BE417 /* MyVideoViewController.swift */ = {isa = PBXFileReference; fileEncoding = 4; lastKnownFileType = sourcecode.swift; path = MyVideoViewController.swift; sourceTree = "<group>"; };
		16D2592A20B49ECB009BE417 /* MyVideoInteractor.swift */ = {isa = PBXFileReference; fileEncoding = 4; lastKnownFileType = sourcecode.swift; path = MyVideoInteractor.swift; sourceTree = "<group>"; };
		16D2594A20B4A2F9009BE417 /* SearchViewController.swift */ = {isa = PBXFileReference; fileEncoding = 4; lastKnownFileType = sourcecode.swift; path = SearchViewController.swift; sourceTree = "<group>"; };
		16D2594B20B4A2F9009BE417 /* Search.storyboard */ = {isa = PBXFileReference; fileEncoding = 4; lastKnownFileType = file.storyboard; path = Search.storyboard; sourceTree = "<group>"; };
		16D2594D20B4A2F9009BE417 /* SearchInteractorProtocol.swift */ = {isa = PBXFileReference; fileEncoding = 4; lastKnownFileType = sourcecode.swift; path = SearchInteractorProtocol.swift; sourceTree = "<group>"; };
		16D2594E20B4A2F9009BE417 /* SearchViewControllerProtocol.swift */ = {isa = PBXFileReference; fileEncoding = 4; lastKnownFileType = sourcecode.swift; path = SearchViewControllerProtocol.swift; sourceTree = "<group>"; };
		16D2594F20B4A2F9009BE417 /* SearchPresenterProtocol.swift */ = {isa = PBXFileReference; fileEncoding = 4; lastKnownFileType = sourcecode.swift; path = SearchPresenterProtocol.swift; sourceTree = "<group>"; };
		16D2595020B4A2F9009BE417 /* SearchInjection.swift */ = {isa = PBXFileReference; fileEncoding = 4; lastKnownFileType = sourcecode.swift; path = SearchInjection.swift; sourceTree = "<group>"; };
		16D2595120B4A2F9009BE417 /* SearchInteractor.swift */ = {isa = PBXFileReference; fileEncoding = 4; lastKnownFileType = sourcecode.swift; path = SearchInteractor.swift; sourceTree = "<group>"; };
		16D2595220B4A2F9009BE417 /* SearchPresenter.swift */ = {isa = PBXFileReference; fileEncoding = 4; lastKnownFileType = sourcecode.swift; path = SearchPresenter.swift; sourceTree = "<group>"; };
		16D8E66F20AA11EB00A0A217 /* TabbarView.swift */ = {isa = PBXFileReference; lastKnownFileType = sourcecode.swift; path = TabbarView.swift; sourceTree = "<group>"; };
		16D8E67120AA124C00A0A217 /* TabbarController.swift */ = {isa = PBXFileReference; lastKnownFileType = sourcecode.swift; path = TabbarController.swift; sourceTree = "<group>"; };
		4595270BD0A93D19E622E6B6 /* Pods-Jinsoku.debug.xcconfig */ = {isa = PBXFileReference; includeInIndex = 1; lastKnownFileType = text.xcconfig; name = "Pods-Jinsoku.debug.xcconfig"; path = "Pods/Target Support Files/Pods-Jinsoku/Pods-Jinsoku.debug.xcconfig"; sourceTree = "<group>"; };
		4A0C9CD7277BF9DBACD5219C /* Pods_Jinsoku.framework */ = {isa = PBXFileReference; explicitFileType = wrapper.framework; includeInIndex = 0; path = Pods_Jinsoku.framework; sourceTree = BUILT_PRODUCTS_DIR; };
		792D48A7892FEA0E3EDDBDF9 /* Pods-Jinsoku.release.xcconfig */ = {isa = PBXFileReference; includeInIndex = 1; lastKnownFileType = text.xcconfig; name = "Pods-Jinsoku.release.xcconfig"; path = "Pods/Target Support Files/Pods-Jinsoku/Pods-Jinsoku.release.xcconfig"; sourceTree = "<group>"; };
/* End PBXFileReference section */

/* Begin PBXFrameworksBuildPhase section */
		0E2D88882010F39300C1432B /* Frameworks */ = {
			isa = PBXFrameworksBuildPhase;
			buildActionMask = 2147483647;
			files = (
				0BDF4E954C053AB3CED289E7 /* Pods_Jinsoku.framework in Frameworks */,
			);
			runOnlyForDeploymentPostprocessing = 0;
		};
		0E2D889C2010F39300C1432B /* Frameworks */ = {
			isa = PBXFrameworksBuildPhase;
			buildActionMask = 2147483647;
			files = (
			);
			runOnlyForDeploymentPostprocessing = 0;
		};
		0E2D88A72010F39300C1432B /* Frameworks */ = {
			isa = PBXFrameworksBuildPhase;
			buildActionMask = 2147483647;
			files = (
			);
			runOnlyForDeploymentPostprocessing = 0;
		};
/* End PBXFrameworksBuildPhase section */

/* Begin PBXGroup section */
		0E2D88822010F39300C1432B = {
			isa = PBXGroup;
			children = (
				0E2D888D2010F39300C1432B /* Jinsoku */,
				0E2D88A22010F39300C1432B /* JinsokuTests */,
				0E2D88AD2010F39300C1432B /* JinsokuUITests */,
				0E2D888C2010F39300C1432B /* Products */,
				B641F788E237CA2A38449E31 /* Pods */,
				84575FD8520F8B8110F4E930 /* Frameworks */,
			);
			sourceTree = "<group>";
		};
		0E2D888C2010F39300C1432B /* Products */ = {
			isa = PBXGroup;
			children = (
				0E2D888B2010F39300C1432B /* Jinsoku.app */,
				0E2D889F2010F39300C1432B /* JinsokuTests.xctest */,
				0E2D88AA2010F39300C1432B /* JinsokuUITests.xctest */,
			);
			name = Products;
			sourceTree = "<group>";
		};
		0E2D888D2010F39300C1432B /* Jinsoku */ = {
			isa = PBXGroup;
			children = (
				0EBA842020120F9400B3F591 /* Assets */,
				0EBA841D20120F2800B3F591 /* Source */,
				0EBA841C20120ED100B3F591 /* Support */,
			);
			path = Jinsoku;
			sourceTree = "<group>";
		};
		0E2D88A22010F39300C1432B /* JinsokuTests */ = {
			isa = PBXGroup;
			children = (
				0E2D88A32010F39300C1432B /* JinsokuTests.swift */,
				0E2D88A52010F39300C1432B /* Info.plist */,
			);
			path = JinsokuTests;
			sourceTree = "<group>";
		};
		0E2D88AD2010F39300C1432B /* JinsokuUITests */ = {
			isa = PBXGroup;
			children = (
				0E2D88AE2010F39300C1432B /* JinsokuUITests.swift */,
				0E2D88B02010F39300C1432B /* Info.plist */,
			);
			path = JinsokuUITests;
			sourceTree = "<group>";
		};
		0E8108C82018803E000F1952 /* Access */ = {
			isa = PBXGroup;
			children = (
				0EB01A77202311AC00F79C64 /* AccessEngineProtocol.swift */,
				0EB01A3120206BEB00F79C64 /* AccessEngine.swift */,
				0EB01A3A20207C5200F79C64 /* AccessErrors.swift */,
				0EB01A372020789400F79C64 /* Models */,
			);
			path = Access;
			sourceTree = "<group>";
		};
		0E8108C9201881D5000F1952 /* Net */ = {
			isa = PBXGroup;
			children = (
				0EC27A04202B4C1000C19AC1 /* VimeoAuthentication.plist */,
				0E8D47012028BB4800BE8976 /* NetConstants.swift */,
				0EB01A2F20206B5D00F79C64 /* VimeoNet.swift */,
				0EB01A332020726300F79C64 /* Api.swift */,
				0EB01A342020726300F79C64 /* Endpoint.swift */,
				0E8108C82018803E000F1952 /* Access */,
			);
			path = Net;
			sourceTree = "<group>";
		};
		0E88BCC8202863F000C31B8F /* Helpers */ = {
			isa = PBXGroup;
			children = (
				0EC27A09202B557D00C19AC1 /* Operators */,
				0E88BCCB20286FE700C31B8F /* RandomGenerator.swift */,
				0E0B79782059772700FE5464 /* Result.swift */,
				0E88BCC92028641000C31B8F /* URLQueryParamsHelper.swift */,
				0E0B797A2059810700FE5464 /* BaseEncodable.swift */,
			);
			path = Helpers;
			sourceTree = "<group>";
		};
		0E88BCCD202879BA00C31B8F /* Extensions */ = {
			isa = PBXGroup;
			children = (
				0E88BCCE202879D800C31B8F /* URL+QueryParams.swift */,
				0E8D46FB2028A3ED00BE8976 /* String+Base64.swift */,
			);
			path = Extensions;
			sourceTree = "<group>";
		};
		0EA97EAE203AF5F700D590CF /* Managers */ = {
			isa = PBXGroup;
			children = (
				0EA97EAF203AF69300D590CF /* KeychainManager.swift */,
			);
			path = Managers;
			sourceTree = "<group>";
		};
		0EB01A372020789400F79C64 /* Models */ = {
			isa = PBXGroup;
			children = (
				0EB01A3E20207CA800F79C64 /* Login */,
			);
			path = Models;
			sourceTree = "<group>";
		};
		0EB01A3E20207CA800F79C64 /* Login */ = {
			isa = PBXGroup;
			children = (
				0EB01A3F20207CBE00F79C64 /* AuthenticationNet.swift */,
				0E8D46F92028A14100BE8976 /* AccessTokenIntern.swift */,
			);
			path = Login;
			sourceTree = "<group>";
		};
		0EB01A732023084700F79C64 /* Domain */ = {
			isa = PBXGroup;
			children = (
				0EB01A742023085800F79C64 /* Authentication */,
			);
			path = Domain;
			sourceTree = "<group>";
		};
		0EB01A742023085800F79C64 /* Authentication */ = {
			isa = PBXGroup;
			children = (
				0EB01A3C20207C9200F79C64 /* Authentication.swift */,
				0EB01A75202308CE00F79C64 /* Authentication+Net.swift */,
			);
			path = Authentication;
			sourceTree = "<group>";
		};
		0EBA841C20120ED100B3F591 /* Support */ = {
			isa = PBXGroup;
			children = (
				0E2D88972010F39300C1432B /* LaunchScreen.storyboard */,
				0E2D889A2010F39300C1432B /* Info.plist */,
				0E2D888E2010F39300C1432B /* AppDelegate.swift */,
			);
			path = Support;
			sourceTree = "<group>";
		};
		0EBA841D20120F2800B3F591 /* Source */ = {
			isa = PBXGroup;
			children = (
				0EB01A732023084700F79C64 /* Domain */,
				0E8108C9201881D5000F1952 /* Net */,
				0EBA841E20120F5E00B3F591 /* Common */,
				1658C113201A892C00E2AE5A /* Coordinators */,
				0EBA841F20120F7D00B3F591 /* Modules */,
			);
			path = Source;
			sourceTree = "<group>";
		};
		0EBA841E20120F5E00B3F591 /* Common */ = {
			isa = PBXGroup;
			children = (
				0EBA8421201211AD00B3F591 /* AppProvider.swift */,
				0E8D46FF2028B6F700BE8976 /* Constants.swift */,
				0EA97EAE203AF5F700D590CF /* Managers */,
				0E88BCCD202879BA00C31B8F /* Extensions */,
				0E88BCC8202863F000C31B8F /* Helpers */,
				0EBA84232012194000B3F591 /* AppEventsHandler */,
			);
			path = Common;
			sourceTree = "<group>";
		};
		0EBA841F20120F7D00B3F591 /* Modules */ = {
			isa = PBXGroup;
			children = (
				16D2594920B4A2F9009BE417 /* Search */,
				16D2592120B49ECB009BE417 /* MyVideo */,
				1651C4CD201CF07B00935CCC /* Login */,
				1651C4B4201CE7B600935CCC /* Splash */,
			);
			path = Modules;
			sourceTree = "<group>";
		};
		0EBA842020120F9400B3F591 /* Assets */ = {
			isa = PBXGroup;
			children = (
				0E2D88952010F39300C1432B /* Assets.xcassets */,
			);
			path = Assets;
			sourceTree = "<group>";
		};
		0EBA84232012194000B3F591 /* AppEventsHandler */ = {
			isa = PBXGroup;
			children = (
				0EBA84242012195B00B3F591 /* AppEventsHandlerProtocol.swift */,
				0EBA84262012196A00B3F591 /* AppEventsHandler.swift */,
			);
			path = AppEventsHandler;
			sourceTree = "<group>";
		};
		0EC27A09202B557D00C19AC1 /* Operators */ = {
			isa = PBXGroup;
			children = (
				0EC27A0A202B558600C19AC1 /* TryCatchOperator.swift */,
			);
			path = Operators;
			sourceTree = "<group>";
		};
		162F62F22039CF8900E71515 /* Home */ = {
			isa = PBXGroup;
			children = (
				162F62F82039D07800E71515 /* HomeCoordinatorProtocol.swift */,
				162F62F92039D07800E71515 /* HomeCoordinator.swift */,
				16D8E66F20AA11EB00A0A217 /* TabbarView.swift */,
				16D8E67120AA124C00A0A217 /* TabbarController.swift */,
			);
			path = Home;
			sourceTree = "<group>";
		};
		162F62F32039CFF100E71515 /* Auth */ = {
			isa = PBXGroup;
			children = (
				162F62F52039CFF100E71515 /* AuthCoordinatorProtocol.swift */,
				162F62F42039CFF100E71515 /* AuthCoordinator.swift */,
			);
			path = Auth;
			sourceTree = "<group>";
		};
		1651C4AB201CE63400935CCC /* Flows */ = {
			isa = PBXGroup;
			children = (
				162F62F32039CFF100E71515 /* Auth */,
				162F62F22039CF8900E71515 /* Home */,
				1651C4AC201CE63400935CCC /* Splash */,
			);
			path = Flows;
			sourceTree = "<group>";
		};
		1651C4AC201CE63400935CCC /* Splash */ = {
			isa = PBXGroup;
			children = (
				1651C4AD201CE63400935CCC /* SplashCoordinatorProtocol.swift */,
				1651C4AE201CE63400935CCC /* SplashCoordinator.swift */,
			);
			path = Splash;
			sourceTree = "<group>";
		};
		1651C4B1201CE69100935CCC /* Deeplinking */ = {
			isa = PBXGroup;
			children = (
				1651C4B2201CE69100935CCC /* Route.swift */,
			);
			path = Deeplinking;
			sourceTree = "<group>";
		};
		1651C4B4201CE7B600935CCC /* Splash */ = {
			isa = PBXGroup;
			children = (
				1651C4B5201CE7B600935CCC /* Contracts */,
				1651C4BD201CE7B600935CCC /* Splash.storyboard */,
				1651C4B9201CE7B600935CCC /* SplashInjection.swift */,
				1651C4BA201CE7B600935CCC /* SplashViewController.swift */,
				1651C4BB201CE7B600935CCC /* SplashPresenter.swift */,
				1651C4BC201CE7B600935CCC /* SplashInteractor.swift */,
			);
			path = Splash;
			sourceTree = "<group>";
		};
		1651C4B5201CE7B600935CCC /* Contracts */ = {
			isa = PBXGroup;
			children = (
				1651C4B7201CE7B600935CCC /* SplashViewControllerProtocol.swift */,
				1651C4B6201CE7B600935CCC /* SplashPresenterProtocol.swift */,
				1651C4B8201CE7B600935CCC /* SplashInteractorProtocol.swift */,
			);
			path = Contracts;
			sourceTree = "<group>";
		};
		1651C4CD201CF07B00935CCC /* Login */ = {
			isa = PBXGroup;
			children = (
				1651C4D0201CF07B00935CCC /* Contracts */,
				1651C4D4201CF07B00935CCC /* Login.storyboard */,
				1651C4CE201CF07B00935CCC /* LoginInjection.swift */,
				1651C4D5201CF07B00935CCC /* LoginViewController.swift */,
				1651C4D6201CF07B00935CCC /* LoginPresenter.swift */,
				1651C4CF201CF07B00935CCC /* LoginInteractor.swift */,
			);
			path = Login;
			sourceTree = "<group>";
		};
		1651C4D0201CF07B00935CCC /* Contracts */ = {
			isa = PBXGroup;
			children = (
				1651C4D2201CF07B00935CCC /* LoginViewControllerProtocol.swift */,
				1651C4D1201CF07B00935CCC /* LoginPresenterProtocol.swift */,
				1651C4D3201CF07B00935CCC /* LoginInteractorProtocol.swift */,
				0E8D46FD2028AFFC00BE8976 /* LoginInteractorErrors.swift */,
			);
			path = Contracts;
			sourceTree = "<group>";
		};
		1658C113201A892C00E2AE5A /* Coordinators */ = {
			isa = PBXGroup;
			children = (
				1651C4C6201CE82900935CCC /* AppStoryboards.swift */,
				1658C11A201A8BFD00E2AE5A /* Assembler+Setup.swift */,
				0E3F030A205973E400D132AA /* NavigationManagerProtocol.swift */,
				1658C118201A8B2B00E2AE5A /* NavigationManager.swift */,
				1658C115201A8A2E00E2AE5A /* BaseCoordinator.swift */,
				1658C114201A8A2E00E2AE5A /* RootCoordinator.swift */,
				1651C4B1201CE69100935CCC /* Deeplinking */,
				1651C4AB201CE63400935CCC /* Flows */,
			);
			path = Coordinators;
			sourceTree = "<group>";
		};
		16D2592120B49ECB009BE417 /* MyVideo */ = {
			isa = PBXGroup;
			children = (
				16D2592220B49ECB009BE417 /* MyVideo.storyboard */,
				16D2592320B49ECB009BE417 /* Contracts */,
				16D2592720B49ECB009BE417 /* MyVideoInjection.swift */,
				16D2592820B49ECB009BE417 /* MyVideoPresenter.swift */,
				16D2592920B49ECB009BE417 /* MyVideoViewController.swift */,
				16D2592A20B49ECB009BE417 /* MyVideoInteractor.swift */,
			);
			path = MyVideo;
			sourceTree = "<group>";
		};
		16D2592320B49ECB009BE417 /* Contracts */ = {
			isa = PBXGroup;
			children = (
				16D2592420B49ECB009BE417 /* MyVideoViewControllerProtocol.swift */,
				16D2592520B49ECB009BE417 /* MyVideoInteractorProtocol.swift */,
				16D2592620B49ECB009BE417 /* MyVideoPresenterProtocol.swift */,
			);
			path = Contracts;
			sourceTree = "<group>";
		};
		16D2594920B4A2F9009BE417 /* Search */ = {
			isa = PBXGroup;
			children = (
				16D2594A20B4A2F9009BE417 /* SearchViewController.swift */,
				16D2594B20B4A2F9009BE417 /* Search.storyboard */,
				16D2594C20B4A2F9009BE417 /* Contracts */,
				16D2595020B4A2F9009BE417 /* SearchInjection.swift */,
				16D2595120B4A2F9009BE417 /* SearchInteractor.swift */,
				16D2595220B4A2F9009BE417 /* SearchPresenter.swift */,
			);
			path = Search;
			sourceTree = "<group>";
		};
		16D2594C20B4A2F9009BE417 /* Contracts */ = {
			isa = PBXGroup;
			children = (
				16D2594D20B4A2F9009BE417 /* SearchInteractorProtocol.swift */,
				16D2594E20B4A2F9009BE417 /* SearchViewControllerProtocol.swift */,
				16D2594F20B4A2F9009BE417 /* SearchPresenterProtocol.swift */,
			);
			path = Contracts;
			sourceTree = "<group>";
		};
		84575FD8520F8B8110F4E930 /* Frameworks */ = {
			isa = PBXGroup;
			children = (
				4A0C9CD7277BF9DBACD5219C /* Pods_Jinsoku.framework */,
			);
			name = Frameworks;
			sourceTree = "<group>";
		};
		B641F788E237CA2A38449E31 /* Pods */ = {
			isa = PBXGroup;
			children = (
				4595270BD0A93D19E622E6B6 /* Pods-Jinsoku.debug.xcconfig */,
				792D48A7892FEA0E3EDDBDF9 /* Pods-Jinsoku.release.xcconfig */,
			);
			name = Pods;
			sourceTree = "<group>";
		};
/* End PBXGroup section */

/* Begin PBXNativeTarget section */
		0E2D888A2010F39300C1432B /* Jinsoku */ = {
			isa = PBXNativeTarget;
			buildConfigurationList = 0E2D88B32010F39300C1432B /* Build configuration list for PBXNativeTarget "Jinsoku" */;
			buildPhases = (
				A109AC757C1158BB5A78FD7A /* [CP] Check Pods Manifest.lock */,
				0E2D88872010F39300C1432B /* Sources */,
				0E2D88882010F39300C1432B /* Frameworks */,
				0E2D88892010F39300C1432B /* Resources */,
				B59D6719B8BFA07C899EAF86 /* [CP] Embed Pods Frameworks */,
				BA9CB851F9BCD7EFEE2FF1B7 /* [CP] Copy Pods Resources */,
				1651C4DF201CF44E00935CCC /* SwiftLint */,
			);
			buildRules = (
			);
			dependencies = (
			);
			name = Jinsoku;
			productName = Jinsoku;
			productReference = 0E2D888B2010F39300C1432B /* Jinsoku.app */;
			productType = "com.apple.product-type.application";
		};
		0E2D889E2010F39300C1432B /* JinsokuTests */ = {
			isa = PBXNativeTarget;
			buildConfigurationList = 0E2D88B62010F39300C1432B /* Build configuration list for PBXNativeTarget "JinsokuTests" */;
			buildPhases = (
				0E2D889B2010F39300C1432B /* Sources */,
				0E2D889C2010F39300C1432B /* Frameworks */,
				0E2D889D2010F39300C1432B /* Resources */,
			);
			buildRules = (
			);
			dependencies = (
				0E2D88A12010F39300C1432B /* PBXTargetDependency */,
			);
			name = JinsokuTests;
			productName = JinsokuTests;
			productReference = 0E2D889F2010F39300C1432B /* JinsokuTests.xctest */;
			productType = "com.apple.product-type.bundle.unit-test";
		};
		0E2D88A92010F39300C1432B /* JinsokuUITests */ = {
			isa = PBXNativeTarget;
			buildConfigurationList = 0E2D88B92010F39300C1432B /* Build configuration list for PBXNativeTarget "JinsokuUITests" */;
			buildPhases = (
				0E2D88A62010F39300C1432B /* Sources */,
				0E2D88A72010F39300C1432B /* Frameworks */,
				0E2D88A82010F39300C1432B /* Resources */,
			);
			buildRules = (
			);
			dependencies = (
				0E2D88AC2010F39300C1432B /* PBXTargetDependency */,
			);
			name = JinsokuUITests;
			productName = JinsokuUITests;
			productReference = 0E2D88AA2010F39300C1432B /* JinsokuUITests.xctest */;
			productType = "com.apple.product-type.bundle.ui-testing";
		};
/* End PBXNativeTarget section */

/* Begin PBXProject section */
		0E2D88832010F39300C1432B /* Project object */ = {
			isa = PBXProject;
			attributes = {
				LastSwiftUpdateCheck = 0920;
				LastUpgradeCheck = 0930;
				ORGANIZATIONNAME = PocketSwift;
				TargetAttributes = {
					0E2D888A2010F39300C1432B = {
						CreatedOnToolsVersion = 9.2;
						ProvisioningStyle = Automatic;
					};
					0E2D889E2010F39300C1432B = {
						CreatedOnToolsVersion = 9.2;
						ProvisioningStyle = Automatic;
						TestTargetID = 0E2D888A2010F39300C1432B;
					};
					0E2D88A92010F39300C1432B = {
						CreatedOnToolsVersion = 9.2;
						ProvisioningStyle = Automatic;
						TestTargetID = 0E2D888A2010F39300C1432B;
					};
				};
			};
			buildConfigurationList = 0E2D88862010F39300C1432B /* Build configuration list for PBXProject "Jinsoku" */;
			compatibilityVersion = "Xcode 8.0";
			developmentRegion = en;
			hasScannedForEncodings = 0;
			knownRegions = (
				en,
				Base,
			);
			mainGroup = 0E2D88822010F39300C1432B;
			productRefGroup = 0E2D888C2010F39300C1432B /* Products */;
			projectDirPath = "";
			projectRoot = "";
			targets = (
				0E2D888A2010F39300C1432B /* Jinsoku */,
				0E2D889E2010F39300C1432B /* JinsokuTests */,
				0E2D88A92010F39300C1432B /* JinsokuUITests */,
			);
		};
/* End PBXProject section */

/* Begin PBXResourcesBuildPhase section */
		0E2D88892010F39300C1432B /* Resources */ = {
			isa = PBXResourcesBuildPhase;
			buildActionMask = 2147483647;
			files = (
				1651C4DC201CF07B00935CCC /* Login.storyboard in Resources */,
				0EC27A05202B4C1100C19AC1 /* VimeoAuthentication.plist in Resources */,
				16D2592B20B49ECB009BE417 /* MyVideo.storyboard in Resources */,
				0E2D88992010F39300C1432B /* LaunchScreen.storyboard in Resources */,
				16D2595420B4A2F9009BE417 /* Search.storyboard in Resources */,
				0E2D88962010F39300C1432B /* Assets.xcassets in Resources */,
				1651C4C5201CE7B600935CCC /* Splash.storyboard in Resources */,
			);
			runOnlyForDeploymentPostprocessing = 0;
		};
		0E2D889D2010F39300C1432B /* Resources */ = {
			isa = PBXResourcesBuildPhase;
			buildActionMask = 2147483647;
			files = (
			);
			runOnlyForDeploymentPostprocessing = 0;
		};
		0E2D88A82010F39300C1432B /* Resources */ = {
			isa = PBXResourcesBuildPhase;
			buildActionMask = 2147483647;
			files = (
			);
			runOnlyForDeploymentPostprocessing = 0;
		};
/* End PBXResourcesBuildPhase section */

/* Begin PBXShellScriptBuildPhase section */
		1651C4DF201CF44E00935CCC /* SwiftLint */ = {
			isa = PBXShellScriptBuildPhase;
			buildActionMask = 2147483647;
			files = (
			);
			inputPaths = (
			);
			name = SwiftLint;
			outputPaths = (
			);
			runOnlyForDeploymentPostprocessing = 0;
			shellPath = /bin/sh;
			shellScript = "if which swiftlint >/dev/null; then\nswiftlint\nelse\necho \"warning: SwiftLint not installed, download from https://github.com/realm/SwiftLint\"\nfi";
		};
		A109AC757C1158BB5A78FD7A /* [CP] Check Pods Manifest.lock */ = {
			isa = PBXShellScriptBuildPhase;
			buildActionMask = 2147483647;
			files = (
			);
			inputPaths = (
				"${PODS_PODFILE_DIR_PATH}/Podfile.lock",
				"${PODS_ROOT}/Manifest.lock",
			);
			name = "[CP] Check Pods Manifest.lock";
			outputPaths = (
				"$(DERIVED_FILE_DIR)/Pods-Jinsoku-checkManifestLockResult.txt",
			);
			runOnlyForDeploymentPostprocessing = 0;
			shellPath = /bin/sh;
			shellScript = "diff \"${PODS_PODFILE_DIR_PATH}/Podfile.lock\" \"${PODS_ROOT}/Manifest.lock\" > /dev/null\nif [ $? != 0 ] ; then\n    # print error to STDERR\n    echo \"error: The sandbox is not in sync with the Podfile.lock. Run 'pod install' or update your CocoaPods installation.\" >&2\n    exit 1\nfi\n# This output is used by Xcode 'outputs' to avoid re-running this script phase.\necho \"SUCCESS\" > \"${SCRIPT_OUTPUT_FILE_0}\"\n";
			showEnvVarsInLog = 0;
		};
		B59D6719B8BFA07C899EAF86 /* [CP] Embed Pods Frameworks */ = {
			isa = PBXShellScriptBuildPhase;
			buildActionMask = 2147483647;
			files = (
			);
			inputPaths = (
				"${SRCROOT}/Pods/Target Support Files/Pods-Jinsoku/Pods-Jinsoku-frameworks.sh",
				"${BUILT_PRODUCTS_DIR}/IQKeyboardManagerSwift/IQKeyboardManagerSwift.framework",
				"${BUILT_PRODUCTS_DIR}/KeychainAccess/KeychainAccess.framework",
				"${BUILT_PRODUCTS_DIR}/Kommander/Kommander.framework",
				"${BUILT_PRODUCTS_DIR}/Reusable/Reusable.framework",
				"${BUILT_PRODUCTS_DIR}/SnapKit/SnapKit.framework",
				"${BUILT_PRODUCTS_DIR}/Swinject/Swinject.framework",
			);
			name = "[CP] Embed Pods Frameworks";
			outputPaths = (
				"${TARGET_BUILD_DIR}/${FRAMEWORKS_FOLDER_PATH}/IQKeyboardManagerSwift.framework",
				"${TARGET_BUILD_DIR}/${FRAMEWORKS_FOLDER_PATH}/KeychainAccess.framework",
				"${TARGET_BUILD_DIR}/${FRAMEWORKS_FOLDER_PATH}/Kommander.framework",
				"${TARGET_BUILD_DIR}/${FRAMEWORKS_FOLDER_PATH}/Reusable.framework",
				"${TARGET_BUILD_DIR}/${FRAMEWORKS_FOLDER_PATH}/SnapKit.framework",
				"${TARGET_BUILD_DIR}/${FRAMEWORKS_FOLDER_PATH}/Swinject.framework",
			);
			runOnlyForDeploymentPostprocessing = 0;
			shellPath = /bin/sh;
			shellScript = "\"${SRCROOT}/Pods/Target Support Files/Pods-Jinsoku/Pods-Jinsoku-frameworks.sh\"\n";
			showEnvVarsInLog = 0;
		};
		BA9CB851F9BCD7EFEE2FF1B7 /* [CP] Copy Pods Resources */ = {
			isa = PBXShellScriptBuildPhase;
			buildActionMask = 2147483647;
			files = (
			);
			inputPaths = (
			);
			name = "[CP] Copy Pods Resources";
			outputPaths = (
			);
			runOnlyForDeploymentPostprocessing = 0;
			shellPath = /bin/sh;
			shellScript = "\"${SRCROOT}/Pods/Target Support Files/Pods-Jinsoku/Pods-Jinsoku-resources.sh\"\n";
			showEnvVarsInLog = 0;
		};
/* End PBXShellScriptBuildPhase section */

/* Begin PBXSourcesBuildPhase section */
		0E2D88872010F39300C1432B /* Sources */ = {
			isa = PBXSourcesBuildPhase;
			buildActionMask = 2147483647;
			files = (
				0EB01A3020206B5D00F79C64 /* VimeoNet.swift in Sources */,
				0E8D46FA2028A14100BE8976 /* AccessTokenIntern.swift in Sources */,
				0EB01A3B20207C5200F79C64 /* AccessErrors.swift in Sources */,
				0EB01A362020726300F79C64 /* Endpoint.swift in Sources */,
				0E8D46FE2028AFFC00BE8976 /* LoginInteractorErrors.swift in Sources */,
				16D2595720B4A2F9009BE417 /* SearchPresenterProtocol.swift in Sources */,
				162F62FB2039D07800E71515 /* HomeCoordinator.swift in Sources */,
				1651C4DD201CF07B00935CCC /* LoginViewController.swift in Sources */,
				16D8E67220AA124C00A0A217 /* TabbarController.swift in Sources */,
				162F62F62039CFF100E71515 /* AuthCoordinator.swift in Sources */,
				162F62F72039CFF100E71515 /* AuthCoordinatorProtocol.swift in Sources */,
				0E88BCCA2028641000C31B8F /* URLQueryParamsHelper.swift in Sources */,
				0EBA84272012196A00B3F591 /* AppEventsHandler.swift in Sources */,
				16D2592D20B49ECB009BE417 /* MyVideoInteractorProtocol.swift in Sources */,
				16D2595A20B4A2F9009BE417 /* SearchPresenter.swift in Sources */,
				1658C11B201A8BFD00E2AE5A /* Assembler+Setup.swift in Sources */,
				1651C4C2201CE7B600935CCC /* SplashViewController.swift in Sources */,
				0E88BCCF202879D800C31B8F /* URL+QueryParams.swift in Sources */,
				0E2D888F2010F39300C1432B /* AppDelegate.swift in Sources */,
				0EBA8422201211AD00B3F591 /* AppProvider.swift in Sources */,
				1651C4D8201CF07B00935CCC /* LoginInteractor.swift in Sources */,
				1651C4BF201CE7B600935CCC /* SplashViewControllerProtocol.swift in Sources */,
				0EB01A78202311AC00F79C64 /* AccessEngineProtocol.swift in Sources */,
				1651C4B0201CE63400935CCC /* SplashCoordinator.swift in Sources */,
				1658C117201A8A2E00E2AE5A /* BaseCoordinator.swift in Sources */,
				1651C4C0201CE7B600935CCC /* SplashInteractorProtocol.swift in Sources */,
				16D2595520B4A2F9009BE417 /* SearchInteractorProtocol.swift in Sources */,
				0E8D47022028BB4800BE8976 /* NetConstants.swift in Sources */,
				16D2595820B4A2F9009BE417 /* SearchInjection.swift in Sources */,
				1651C4C4201CE7B600935CCC /* SplashInteractor.swift in Sources */,
				162F62FA2039D07800E71515 /* HomeCoordinatorProtocol.swift in Sources */,
				0E8D46FC2028A3ED00BE8976 /* String+Base64.swift in Sources */,
				1651C4DB201CF07B00935CCC /* LoginInteractorProtocol.swift in Sources */,
				16D2593020B49ECB009BE417 /* MyVideoPresenter.swift in Sources */,
				0E3F030B205973E400D132AA /* NavigationManagerProtocol.swift in Sources */,
				0E8D47002028B6F700BE8976 /* Constants.swift in Sources */,
				0EB01A76202308CE00F79C64 /* Authentication+Net.swift in Sources */,
				1658C119201A8B2B00E2AE5A /* NavigationManager.swift in Sources */,
				16D2593120B49ECB009BE417 /* MyVideoViewController.swift in Sources */,
				16D2592E20B49ECB009BE417 /* MyVideoPresenterProtocol.swift in Sources */,
				0EA97EB0203AF69300D590CF /* KeychainManager.swift in Sources */,
				16D2592F20B49ECB009BE417 /* MyVideoInjection.swift in Sources */,
				16D2595320B4A2F9009BE417 /* SearchViewController.swift in Sources */,
				16D8E67020AA11EB00A0A217 /* TabbarView.swift in Sources */,
				1651C4AF201CE63400935CCC /* SplashCoordinatorProtocol.swift in Sources */,
				1651C4DE201CF07B00935CCC /* LoginPresenter.swift in Sources */,
				0E0B797B2059810700FE5464 /* BaseEncodable.swift in Sources */,
				1651C4B3201CE69100935CCC /* Route.swift in Sources */,
				1658C116201A8A2E00E2AE5A /* RootCoordinator.swift in Sources */,
				0EBA84252012195B00B3F591 /* AppEventsHandlerProtocol.swift in Sources */,
				16D2592C20B49ECB009BE417 /* MyVideoViewControllerProtocol.swift in Sources */,
				0EB01A352020726300F79C64 /* Api.swift in Sources */,
				0EB01A3220206BEB00F79C64 /* AccessEngine.swift in Sources */,
				0EC27A0B202B558600C19AC1 /* TryCatchOperator.swift in Sources */,
				0EB01A4020207CBE00F79C64 /* AuthenticationNet.swift in Sources */,
				16D2595620B4A2F9009BE417 /* SearchViewControllerProtocol.swift in Sources */,
				0EB01A3D20207C9200F79C64 /* Authentication.swift in Sources */,
				1651C4DA201CF07B00935CCC /* LoginViewControllerProtocol.swift in Sources */,
				1651C4D9201CF07B00935CCC /* LoginPresenterProtocol.swift in Sources */,
				1651C4C1201CE7B600935CCC /* SplashInjection.swift in Sources */,
				1651C4C7201CE82900935CCC /* AppStoryboards.swift in Sources */,
				1651C4D7201CF07B00935CCC /* LoginInjection.swift in Sources */,
				16D2593220B49ECB009BE417 /* MyVideoInteractor.swift in Sources */,
				1651C4BE201CE7B600935CCC /* SplashPresenterProtocol.swift in Sources */,
				0E0B79792059772800FE5464 /* Result.swift in Sources */,
				1651C4C3201CE7B600935CCC /* SplashPresenter.swift in Sources */,
				0E88BCCC20286FE700C31B8F /* RandomGenerator.swift in Sources */,
				16D2595920B4A2F9009BE417 /* SearchInteractor.swift in Sources */,
			);
			runOnlyForDeploymentPostprocessing = 0;
		};
		0E2D889B2010F39300C1432B /* Sources */ = {
			isa = PBXSourcesBuildPhase;
			buildActionMask = 2147483647;
			files = (
				0E2D88A42010F39300C1432B /* JinsokuTests.swift in Sources */,
			);
			runOnlyForDeploymentPostprocessing = 0;
		};
		0E2D88A62010F39300C1432B /* Sources */ = {
			isa = PBXSourcesBuildPhase;
			buildActionMask = 2147483647;
			files = (
				0E2D88AF2010F39300C1432B /* JinsokuUITests.swift in Sources */,
			);
			runOnlyForDeploymentPostprocessing = 0;
		};
/* End PBXSourcesBuildPhase section */

/* Begin PBXTargetDependency section */
		0E2D88A12010F39300C1432B /* PBXTargetDependency */ = {
			isa = PBXTargetDependency;
			target = 0E2D888A2010F39300C1432B /* Jinsoku */;
			targetProxy = 0E2D88A02010F39300C1432B /* PBXContainerItemProxy */;
		};
		0E2D88AC2010F39300C1432B /* PBXTargetDependency */ = {
			isa = PBXTargetDependency;
			target = 0E2D888A2010F39300C1432B /* Jinsoku */;
			targetProxy = 0E2D88AB2010F39300C1432B /* PBXContainerItemProxy */;
		};
/* End PBXTargetDependency section */

/* Begin PBXVariantGroup section */
		0E2D88972010F39300C1432B /* LaunchScreen.storyboard */ = {
			isa = PBXVariantGroup;
			children = (
				0E2D88982010F39300C1432B /* Base */,
			);
			name = LaunchScreen.storyboard;
			sourceTree = "<group>";
		};
/* End PBXVariantGroup section */

/* Begin XCBuildConfiguration section */
		0E2D88B12010F39300C1432B /* Debug */ = {
			isa = XCBuildConfiguration;
			buildSettings = {
				ALWAYS_SEARCH_USER_PATHS = NO;
				CLANG_ANALYZER_NONNULL = YES;
				CLANG_ANALYZER_NUMBER_OBJECT_CONVERSION = YES_AGGRESSIVE;
				CLANG_CXX_LANGUAGE_STANDARD = "gnu++14";
				CLANG_CXX_LIBRARY = "libc++";
				CLANG_ENABLE_MODULES = YES;
				CLANG_ENABLE_OBJC_ARC = YES;
				CLANG_WARN_BLOCK_CAPTURE_AUTORELEASING = YES;
				CLANG_WARN_BOOL_CONVERSION = YES;
				CLANG_WARN_COMMA = YES;
				CLANG_WARN_CONSTANT_CONVERSION = YES;
				CLANG_WARN_DEPRECATED_OBJC_IMPLEMENTATIONS = YES;
				CLANG_WARN_DIRECT_OBJC_ISA_USAGE = YES_ERROR;
				CLANG_WARN_DOCUMENTATION_COMMENTS = YES;
				CLANG_WARN_EMPTY_BODY = YES;
				CLANG_WARN_ENUM_CONVERSION = YES;
				CLANG_WARN_INFINITE_RECURSION = YES;
				CLANG_WARN_INT_CONVERSION = YES;
				CLANG_WARN_NON_LITERAL_NULL_CONVERSION = YES;
				CLANG_WARN_OBJC_IMPLICIT_RETAIN_SELF = YES;
				CLANG_WARN_OBJC_LITERAL_CONVERSION = YES;
				CLANG_WARN_OBJC_ROOT_CLASS = YES_ERROR;
				CLANG_WARN_RANGE_LOOP_ANALYSIS = YES;
				CLANG_WARN_STRICT_PROTOTYPES = YES;
				CLANG_WARN_SUSPICIOUS_MOVE = YES;
				CLANG_WARN_UNGUARDED_AVAILABILITY = YES_AGGRESSIVE;
				CLANG_WARN_UNREACHABLE_CODE = YES;
				CLANG_WARN__DUPLICATE_METHOD_MATCH = YES;
				CODE_SIGN_IDENTITY = "iPhone Developer";
				COPY_PHASE_STRIP = NO;
				DEBUG_INFORMATION_FORMAT = dwarf;
				ENABLE_STRICT_OBJC_MSGSEND = YES;
				ENABLE_TESTABILITY = YES;
				GCC_C_LANGUAGE_STANDARD = gnu11;
				GCC_DYNAMIC_NO_PIC = NO;
				GCC_NO_COMMON_BLOCKS = YES;
				GCC_OPTIMIZATION_LEVEL = 0;
				GCC_PREPROCESSOR_DEFINITIONS = (
					"DEBUG=1",
					"$(inherited)",
				);
				GCC_WARN_64_TO_32_BIT_CONVERSION = YES;
				GCC_WARN_ABOUT_RETURN_TYPE = YES_ERROR;
				GCC_WARN_UNDECLARED_SELECTOR = YES;
				GCC_WARN_UNINITIALIZED_AUTOS = YES_AGGRESSIVE;
				GCC_WARN_UNUSED_FUNCTION = YES;
				GCC_WARN_UNUSED_VARIABLE = YES;
				IPHONEOS_DEPLOYMENT_TARGET = 11.2;
				MTL_ENABLE_DEBUG_INFO = YES;
				ONLY_ACTIVE_ARCH = YES;
				SDKROOT = iphoneos;
				SWIFT_ACTIVE_COMPILATION_CONDITIONS = DEBUG;
				SWIFT_OPTIMIZATION_LEVEL = "-Onone";
			};
			name = Debug;
		};
		0E2D88B22010F39300C1432B /* Release */ = {
			isa = XCBuildConfiguration;
			buildSettings = {
				ALWAYS_SEARCH_USER_PATHS = NO;
				CLANG_ANALYZER_NONNULL = YES;
				CLANG_ANALYZER_NUMBER_OBJECT_CONVERSION = YES_AGGRESSIVE;
				CLANG_CXX_LANGUAGE_STANDARD = "gnu++14";
				CLANG_CXX_LIBRARY = "libc++";
				CLANG_ENABLE_MODULES = YES;
				CLANG_ENABLE_OBJC_ARC = YES;
				CLANG_WARN_BLOCK_CAPTURE_AUTORELEASING = YES;
				CLANG_WARN_BOOL_CONVERSION = YES;
				CLANG_WARN_COMMA = YES;
				CLANG_WARN_CONSTANT_CONVERSION = YES;
				CLANG_WARN_DEPRECATED_OBJC_IMPLEMENTATIONS = YES;
				CLANG_WARN_DIRECT_OBJC_ISA_USAGE = YES_ERROR;
				CLANG_WARN_DOCUMENTATION_COMMENTS = YES;
				CLANG_WARN_EMPTY_BODY = YES;
				CLANG_WARN_ENUM_CONVERSION = YES;
				CLANG_WARN_INFINITE_RECURSION = YES;
				CLANG_WARN_INT_CONVERSION = YES;
				CLANG_WARN_NON_LITERAL_NULL_CONVERSION = YES;
				CLANG_WARN_OBJC_IMPLICIT_RETAIN_SELF = YES;
				CLANG_WARN_OBJC_LITERAL_CONVERSION = YES;
				CLANG_WARN_OBJC_ROOT_CLASS = YES_ERROR;
				CLANG_WARN_RANGE_LOOP_ANALYSIS = YES;
				CLANG_WARN_STRICT_PROTOTYPES = YES;
				CLANG_WARN_SUSPICIOUS_MOVE = YES;
				CLANG_WARN_UNGUARDED_AVAILABILITY = YES_AGGRESSIVE;
				CLANG_WARN_UNREACHABLE_CODE = YES;
				CLANG_WARN__DUPLICATE_METHOD_MATCH = YES;
				CODE_SIGN_IDENTITY = "iPhone Developer";
				COPY_PHASE_STRIP = NO;
				DEBUG_INFORMATION_FORMAT = "dwarf-with-dsym";
				ENABLE_NS_ASSERTIONS = NO;
				ENABLE_STRICT_OBJC_MSGSEND = YES;
				GCC_C_LANGUAGE_STANDARD = gnu11;
				GCC_NO_COMMON_BLOCKS = YES;
				GCC_WARN_64_TO_32_BIT_CONVERSION = YES;
				GCC_WARN_ABOUT_RETURN_TYPE = YES_ERROR;
				GCC_WARN_UNDECLARED_SELECTOR = YES;
				GCC_WARN_UNINITIALIZED_AUTOS = YES_AGGRESSIVE;
				GCC_WARN_UNUSED_FUNCTION = YES;
				GCC_WARN_UNUSED_VARIABLE = YES;
				IPHONEOS_DEPLOYMENT_TARGET = 11.2;
				MTL_ENABLE_DEBUG_INFO = NO;
				SDKROOT = iphoneos;
				SWIFT_OPTIMIZATION_LEVEL = "-Owholemodule";
				VALIDATE_PRODUCT = YES;
			};
			name = Release;
		};
		0E2D88B42010F39300C1432B /* Debug */ = {
			isa = XCBuildConfiguration;
			baseConfigurationReference = 4595270BD0A93D19E622E6B6 /* Pods-Jinsoku.debug.xcconfig */;
			buildSettings = {
				ASSETCATALOG_COMPILER_APPICON_NAME = AppIcon;
				CODE_SIGN_STYLE = Automatic;
				DEVELOPMENT_TEAM = "";
				INFOPLIST_FILE = Jinsoku/Support/Info.plist;
				LD_RUNPATH_SEARCH_PATHS = "$(inherited) @executable_path/Frameworks";
				PRODUCT_BUNDLE_IDENTIFIER = com.PocketSwift.Jinsoku;
				PRODUCT_NAME = "$(TARGET_NAME)";
				SWIFT_VERSION = 4.0;
				TARGETED_DEVICE_FAMILY = "1,2";
			};
			name = Debug;
		};
		0E2D88B52010F39300C1432B /* Release */ = {
			isa = XCBuildConfiguration;
			baseConfigurationReference = 792D48A7892FEA0E3EDDBDF9 /* Pods-Jinsoku.release.xcconfig */;
			buildSettings = {
				ASSETCATALOG_COMPILER_APPICON_NAME = AppIcon;
				CODE_SIGN_STYLE = Automatic;
				DEVELOPMENT_TEAM = "";
				INFOPLIST_FILE = Jinsoku/Support/Info.plist;
				LD_RUNPATH_SEARCH_PATHS = "$(inherited) @executable_path/Frameworks";
				PRODUCT_BUNDLE_IDENTIFIER = com.PocketSwift.Jinsoku;
				PRODUCT_NAME = "$(TARGET_NAME)";
				SWIFT_VERSION = 4.0;
				TARGETED_DEVICE_FAMILY = "1,2";
			};
			name = Release;
		};
		0E2D88B72010F39300C1432B /* Debug */ = {
			isa = XCBuildConfiguration;
			buildSettings = {
				ALWAYS_EMBED_SWIFT_STANDARD_LIBRARIES = YES;
				BUNDLE_LOADER = "$(TEST_HOST)";
				CODE_SIGN_STYLE = Automatic;
				INFOPLIST_FILE = JinsokuTests/Info.plist;
				LD_RUNPATH_SEARCH_PATHS = "$(inherited) @executable_path/Frameworks @loader_path/Frameworks";
				PRODUCT_BUNDLE_IDENTIFIER = com.PocketSwift.JinsokuTests;
				PRODUCT_NAME = "$(TARGET_NAME)";
				SWIFT_VERSION = 4.0;
				TARGETED_DEVICE_FAMILY = "1,2";
				TEST_HOST = "$(BUILT_PRODUCTS_DIR)/Jinsoku.app/Jinsoku";
			};
			name = Debug;
		};
		0E2D88B82010F39300C1432B /* Release */ = {
			isa = XCBuildConfiguration;
			buildSettings = {
				ALWAYS_EMBED_SWIFT_STANDARD_LIBRARIES = YES;
				BUNDLE_LOADER = "$(TEST_HOST)";
				CODE_SIGN_STYLE = Automatic;
				INFOPLIST_FILE = JinsokuTests/Info.plist;
				LD_RUNPATH_SEARCH_PATHS = "$(inherited) @executable_path/Frameworks @loader_path/Frameworks";
				PRODUCT_BUNDLE_IDENTIFIER = com.PocketSwift.JinsokuTests;
				PRODUCT_NAME = "$(TARGET_NAME)";
				SWIFT_VERSION = 4.0;
				TARGETED_DEVICE_FAMILY = "1,2";
				TEST_HOST = "$(BUILT_PRODUCTS_DIR)/Jinsoku.app/Jinsoku";
			};
			name = Release;
		};
		0E2D88BA2010F39300C1432B /* Debug */ = {
			isa = XCBuildConfiguration;
			buildSettings = {
				ALWAYS_EMBED_SWIFT_STANDARD_LIBRARIES = YES;
				CODE_SIGN_STYLE = Automatic;
				INFOPLIST_FILE = JinsokuUITests/Info.plist;
				LD_RUNPATH_SEARCH_PATHS = "$(inherited) @executable_path/Frameworks @loader_path/Frameworks";
				PRODUCT_BUNDLE_IDENTIFIER = com.PocketSwift.JinsokuUITests;
				PRODUCT_NAME = "$(TARGET_NAME)";
				SWIFT_VERSION = 4.0;
				TARGETED_DEVICE_FAMILY = "1,2";
				TEST_TARGET_NAME = Jinsoku;
			};
			name = Debug;
		};
		0E2D88BB2010F39300C1432B /* Release */ = {
			isa = XCBuildConfiguration;
			buildSettings = {
				ALWAYS_EMBED_SWIFT_STANDARD_LIBRARIES = YES;
				CODE_SIGN_STYLE = Automatic;
				INFOPLIST_FILE = JinsokuUITests/Info.plist;
				LD_RUNPATH_SEARCH_PATHS = "$(inherited) @executable_path/Frameworks @loader_path/Frameworks";
				PRODUCT_BUNDLE_IDENTIFIER = com.PocketSwift.JinsokuUITests;
				PRODUCT_NAME = "$(TARGET_NAME)";
				SWIFT_VERSION = 4.0;
				TARGETED_DEVICE_FAMILY = "1,2";
				TEST_TARGET_NAME = Jinsoku;
			};
			name = Release;
		};
/* End XCBuildConfiguration section */

/* Begin XCConfigurationList section */
		0E2D88862010F39300C1432B /* Build configuration list for PBXProject "Jinsoku" */ = {
			isa = XCConfigurationList;
			buildConfigurations = (
				0E2D88B12010F39300C1432B /* Debug */,
				0E2D88B22010F39300C1432B /* Release */,
			);
			defaultConfigurationIsVisible = 0;
			defaultConfigurationName = Release;
		};
		0E2D88B32010F39300C1432B /* Build configuration list for PBXNativeTarget "Jinsoku" */ = {
			isa = XCConfigurationList;
			buildConfigurations = (
				0E2D88B42010F39300C1432B /* Debug */,
				0E2D88B52010F39300C1432B /* Release */,
			);
			defaultConfigurationIsVisible = 0;
			defaultConfigurationName = Release;
		};
		0E2D88B62010F39300C1432B /* Build configuration list for PBXNativeTarget "JinsokuTests" */ = {
			isa = XCConfigurationList;
			buildConfigurations = (
				0E2D88B72010F39300C1432B /* Debug */,
				0E2D88B82010F39300C1432B /* Release */,
			);
			defaultConfigurationIsVisible = 0;
			defaultConfigurationName = Release;
		};
		0E2D88B92010F39300C1432B /* Build configuration list for PBXNativeTarget "JinsokuUITests" */ = {
			isa = XCConfigurationList;
			buildConfigurations = (
				0E2D88BA2010F39300C1432B /* Debug */,
				0E2D88BB2010F39300C1432B /* Release */,
			);
			defaultConfigurationIsVisible = 0;
			defaultConfigurationName = Release;
		};
/* End XCConfigurationList section */
	};
	rootObject = 0E2D88832010F39300C1432B /* Project object */;
}
